
Microsoft Visual Studio Solution File, Format Version 12.00
# Visual Studio Version 16
VisualStudioVersion = 16.0.29102.190
MinimumVisualStudioVersion = 15.0.26730.03
Project("{2150E333-8FDC-42A3-9474-1A3956D46DE8}") = "src", "src", "{CE6B50B2-34AE-44C9-940A-4E48C3E1B3BC}"
EndProject
Project("{9A19103F-16F7-4668-BE54-9A1E7A4F7556}") = "Maikebing.Data.Taos", "src\Maikebing.Data.Taos\Maikebing.Data.Taos.csproj", "{EFD6587E-F538-4656-95E3-514EEA16E494}"
EndProject
Project("{9A19103F-16F7-4668-BE54-9A1E7A4F7556}") = "Maikebing.EntityFrameworkCore.Taos", "src\EFCore.Taos.Core\Maikebing.EntityFrameworkCore.Taos.csproj", "{9D7B7248-3ADD-4DC3-A800-18CE10FEA752}"
EndProject
Project("{2150E333-8FDC-42A3-9474-1A3956D46DE8}") = "Solution Items", "Solution Items", "{61AA7587-946B-4B2F-92C9-73D0BA670B97}"
	ProjectSection(SolutionItems) = preProject
		appveyor.yml = appveyor.yml
		README.md = README.md
	EndProjectSection
EndProject
Project("{9A19103F-16F7-4668-BE54-9A1E7A4F7556}") = "Example", "src\Example\Example.csproj", "{D7F52FA5-1CAA-4D9F-80D8-F141D104AE64}"
EndProject
Project("{2150E333-8FDC-42A3-9474-1A3956D46DE8}") = "Examples", "Examples", "{B24685BC-E919-46BE-ADE8-52AC8697A1F1}"
EndProject
Project("{E53339B2-1760-4266-BCC7-CA923CBCF16C}") = "docker-compose", "docker-compose.dcproj", "{BB633149-0332-4156-A592-8590E74FAD32}"
EndProject
Global
	GlobalSection(SolutionConfigurationPlatforms) = preSolution
		Debug|Any CPU = Debug|Any CPU
		Debug|x64 = Debug|x64
		Debug|x86 = Debug|x86
		Release|Any CPU = Release|Any CPU
		Release|x64 = Release|x64
		Release|x86 = Release|x86
	EndGlobalSection
	GlobalSection(ProjectConfigurationPlatforms) = postSolution
		{EFD6587E-F538-4656-95E3-514EEA16E494}.Debug|Any CPU.ActiveCfg = Debug|Any CPU
		{EFD6587E-F538-4656-95E3-514EEA16E494}.Debug|Any CPU.Build.0 = Debug|Any CPU
		{EFD6587E-F538-4656-95E3-514EEA16E494}.Debug|x64.ActiveCfg = Debug|x64
		{EFD6587E-F538-4656-95E3-514EEA16E494}.Debug|x64.Build.0 = Debug|x64
		{EFD6587E-F538-4656-95E3-514EEA16E494}.Debug|x86.ActiveCfg = Debug|x86
		{EFD6587E-F538-4656-95E3-514EEA16E494}.Debug|x86.Build.0 = Debug|x86
		{EFD6587E-F538-4656-95E3-514EEA16E494}.Release|Any CPU.ActiveCfg = Release|Any CPU
		{EFD6587E-F538-4656-95E3-514EEA16E494}.Release|Any CPU.Build.0 = Release|Any CPU
		{EFD6587E-F538-4656-95E3-514EEA16E494}.Release|x64.ActiveCfg = Release|x64
		{EFD6587E-F538-4656-95E3-514EEA16E494}.Release|x64.Build.0 = Release|x64
		{EFD6587E-F538-4656-95E3-514EEA16E494}.Release|x86.ActiveCfg = Release|x86
		{EFD6587E-F538-4656-95E3-514EEA16E494}.Release|x86.Build.0 = Release|x86
		{9D7B7248-3ADD-4DC3-A800-18CE10FEA752}.Debug|Any CPU.ActiveCfg = Debug|Any CPU
		{9D7B7248-3ADD-4DC3-A800-18CE10FEA752}.Debug|Any CPU.Build.0 = Debug|Any CPU
		{9D7B7248-3ADD-4DC3-A800-18CE10FEA752}.Debug|x64.ActiveCfg = Debug|x64
		{9D7B7248-3ADD-4DC3-A800-18CE10FEA752}.Debug|x64.Build.0 = Debug|x64
		{9D7B7248-3ADD-4DC3-A800-18CE10FEA752}.Debug|x86.ActiveCfg = Debug|x86
		{9D7B7248-3ADD-4DC3-A800-18CE10FEA752}.Debug|x86.Build.0 = Debug|x86
		{9D7B7248-3ADD-4DC3-A800-18CE10FEA752}.Release|Any CPU.ActiveCfg = Release|Any CPU
		{9D7B7248-3ADD-4DC3-A800-18CE10FEA752}.Release|Any CPU.Build.0 = Release|Any CPU
		{9D7B7248-3ADD-4DC3-A800-18CE10FEA752}.Release|x64.ActiveCfg = Release|x64
		{9D7B7248-3ADD-4DC3-A800-18CE10FEA752}.Release|x64.Build.0 = Release|x64
		{9D7B7248-3ADD-4DC3-A800-18CE10FEA752}.Release|x86.ActiveCfg = Release|x86
		{9D7B7248-3ADD-4DC3-A800-18CE10FEA752}.Release|x86.Build.0 = Release|x86
		{D7F52FA5-1CAA-4D9F-80D8-F141D104AE64}.Debug|Any CPU.ActiveCfg = Debug|Any CPU
		{D7F52FA5-1CAA-4D9F-80D8-F141D104AE64}.Debug|Any CPU.Build.0 = Debug|Any CPU
		{D7F52FA5-1CAA-4D9F-80D8-F141D104AE64}.Debug|x64.ActiveCfg = Debug|x64
		{D7F52FA5-1CAA-4D9F-80D8-F141D104AE64}.Debug|x64.Build.0 = Debug|x64
		{D7F52FA5-1CAA-4D9F-80D8-F141D104AE64}.Debug|x86.ActiveCfg = Debug|x86
		{D7F52FA5-1CAA-4D9F-80D8-F141D104AE64}.Debug|x86.Build.0 = Debug|x86
		{D7F52FA5-1CAA-4D9F-80D8-F141D104AE64}.Release|Any CPU.ActiveCfg = Release|Any CPU
		{D7F52FA5-1CAA-4D9F-80D8-F141D104AE64}.Release|Any CPU.Build.0 = Release|Any CPU
		{D7F52FA5-1CAA-4D9F-80D8-F141D104AE64}.Release|x64.ActiveCfg = Release|x64
		{D7F52FA5-1CAA-4D9F-80D8-F141D104AE64}.Release|x64.Build.0 = Release|x64
		{D7F52FA5-1CAA-4D9F-80D8-F141D104AE64}.Release|x86.ActiveCfg = Release|x86
		{D7F52FA5-1CAA-4D9F-80D8-F141D104AE64}.Release|x86.Build.0 = Release|x86
		{BB633149-0332-4156-A592-8590E74FAD32}.Debug|Any CPU.ActiveCfg = Debug|Any CPU
		{BB633149-0332-4156-A592-8590E74FAD32}.Debug|Any CPU.Build.0 = Debug|Any CPU
		{BB633149-0332-4156-A592-8590E74FAD32}.Debug|x64.ActiveCfg = Debug|Any CPU
		{BB633149-0332-4156-A592-8590E74FAD32}.Debug|x64.Build.0 = Debug|Any CPU
		{BB633149-0332-4156-A592-8590E74FAD32}.Debug|x86.ActiveCfg = Debug|Any CPU
		{BB633149-0332-4156-A592-8590E74FAD32}.Debug|x86.Build.0 = Debug|Any CPU
		{BB633149-0332-4156-A592-8590E74FAD32}.Release|Any CPU.ActiveCfg = Release|Any CPU
		{BB633149-0332-4156-A592-8590E74FAD32}.Release|Any CPU.Build.0 = Release|Any CPU
		{BB633149-0332-4156-A592-8590E74FAD32}.Release|x64.ActiveCfg = Release|Any CPU
		{BB633149-0332-4156-A592-8590E74FAD32}.Release|x64.Build.0 = Release|Any CPU
		{BB633149-0332-4156-A592-8590E74FAD32}.Release|x86.ActiveCfg = Release|Any CPU
		{BB633149-0332-4156-A592-8590E74FAD32}.Release|x86.Build.0 = Release|Any CPU
	EndGlobalSection
	GlobalSection(SolutionProperties) = preSolution
		HideSolutionNode = FALSE
	EndGlobalSection
	GlobalSection(NestedProjects) = preSolution
		{EFD6587E-F538-4656-95E3-514EEA16E494} = {CE6B50B2-34AE-44C9-940A-4E48C3E1B3BC}
		{9D7B7248-3ADD-4DC3-A800-18CE10FEA752} = {CE6B50B2-34AE-44C9-940A-4E48C3E1B3BC}
		{D7F52FA5-1CAA-4D9F-80D8-F141D104AE64} = {B24685BC-E919-46BE-ADE8-52AC8697A1F1}
	EndGlobalSection
	GlobalSection(ExtensibilityGlobals) = postSolution
		SolutionGuid = {285A5EB4-BCF4-40EB-B9E1-DF6DBCB5E705}
	EndGlobalSection
EndGlobal
