
Microsoft Visual Studio Solution File, Format Version 12.00
# Visual Studio Version 16
VisualStudioVersion = 16.0.29102.190
MinimumVisualStudioVersion = 15.0.26730.03
Project("{2150E333-8FDC-42A3-9474-1A3956D46DE8}") = "src", "src", "{CE6B50B2-34AE-44C9-940A-4E48C3E1B3BC}"
EndProject
Project("{9A19103F-16F7-4668-BE54-9A1E7A4F7556}") = "Maikebing.Data.Taos", "src\Maikebing.Data.Taos\Maikebing.Data.Taos.csproj", "{EFD6587E-F538-4656-95E3-514EEA16E494}"
EndProject
Project("{9A19103F-16F7-4668-BE54-9A1E7A4F7556}") = "Maikebing.EntityFrameworkCore.Taos", "src\EFCore.Taos.Core\Maikebing.EntityFrameworkCore.Taos.csproj", "{9D7B7248-3ADD-4DC3-A800-18CE10FEA752}"
EndProject
Project("{2150E333-8FDC-42A3-9474-1A3956D46DE8}") = "Solution Items", "Solution Items", "{61AA7587-946B-4B2F-92C9-73D0BA670B97}"
	ProjectSection(SolutionItems) = preProject
		appveyor.yml = appveyor.yml
		README.md = README.md
	EndProjectSection
EndProject
Project("{FAE04EC0-301F-11D3-BF4B-00C04F79EFBC}") = "TaosADODemo", "TaosADODemo\TaosADODemo.csproj", "{685D265C-28EB-415B-AC50-F9D85640C1E9}"
EndProject
Global
	GlobalSection(SolutionConfigurationPlatforms) = preSolution
		Debug|Any CPU = Debug|Any CPU
		Release|Any CPU = Release|Any CPU
	EndGlobalSection
	GlobalSection(ProjectConfigurationPlatforms) = postSolution
		{EFD6587E-F538-4656-95E3-514EEA16E494}.Debug|Any CPU.ActiveCfg = Debug|Any CPU
		{EFD6587E-F538-4656-95E3-514EEA16E494}.Debug|Any CPU.Build.0 = Debug|Any CPU
		{EFD6587E-F538-4656-95E3-514EEA16E494}.Release|Any CPU.ActiveCfg = Release|Any CPU
		{EFD6587E-F538-4656-95E3-514EEA16E494}.Release|Any CPU.Build.0 = Release|Any CPU
		{9D7B7248-3ADD-4DC3-A800-18CE10FEA752}.Debug|Any CPU.ActiveCfg = Debug|Any CPU
		{9D7B7248-3ADD-4DC3-A800-18CE10FEA752}.Debug|Any CPU.Build.0 = Debug|Any CPU
		{9D7B7248-3ADD-4DC3-A800-18CE10FEA752}.Release|Any CPU.ActiveCfg = Release|Any CPU
		{9D7B7248-3ADD-4DC3-A800-18CE10FEA752}.Release|Any CPU.Build.0 = Release|Any CPU
		{685D265C-28EB-415B-AC50-F9D85640C1E9}.Debug|Any CPU.ActiveCfg = Debug|Any CPU
		{685D265C-28EB-415B-AC50-F9D85640C1E9}.Debug|Any CPU.Build.0 = Debug|Any CPU
		{685D265C-28EB-415B-AC50-F9D85640C1E9}.Release|Any CPU.ActiveCfg = Release|Any CPU
		{685D265C-28EB-415B-AC50-F9D85640C1E9}.Release|Any CPU.Build.0 = Release|Any CPU
	EndGlobalSection
	GlobalSection(SolutionProperties) = preSolution
		HideSolutionNode = FALSE
	EndGlobalSection
	GlobalSection(NestedProjects) = preSolution
		{EFD6587E-F538-4656-95E3-514EEA16E494} = {CE6B50B2-34AE-44C9-940A-4E48C3E1B3BC}
		{9D7B7248-3ADD-4DC3-A800-18CE10FEA752} = {CE6B50B2-34AE-44C9-940A-4E48C3E1B3BC}
	EndGlobalSection
	GlobalSection(ExtensibilityGlobals) = postSolution
		SolutionGuid = {285A5EB4-BCF4-40EB-B9E1-DF6DBCB5E705}
	EndGlobalSection
EndGlobal
