
Microsoft Visual Studio Solution File, Format Version 12.00
# Visual Studio Version 17
VisualStudioVersion = 17.0.32014.148
MinimumVisualStudioVersion = 15.0.26730.03
Project("{2150E333-8FDC-42A3-9474-1A3956D46DE8}") = "src", "src", "{CE6B50B2-34AE-44C9-940A-4E48C3E1B3BC}"
EndProject
Project("{9A19103F-16F7-4668-BE54-9A1E7A4F7556}") = "IoTSharp.Data.Taos", "src\IoTSharp.Data.Taos\IoTSharp.Data.Taos.csproj", "{EFD6587E-F538-4656-95E3-514EEA16E494}"
EndProject
Project("{9A19103F-16F7-4668-BE54-9A1E7A4F7556}") = "IoTSharp.EntityFrameworkCore.Taos", "src\EFCore.Taos.Core\IoTSharp.EntityFrameworkCore.Taos.csproj", "{9D7B7248-3ADD-4DC3-A800-18CE10FEA752}"
EndProject
Project("{2150E333-8FDC-42A3-9474-1A3956D46DE8}") = "Solution Items", "Solution Items", "{61AA7587-946B-4B2F-92C9-73D0BA670B97}"
	ProjectSection(SolutionItems) = preProject
		appveyor.yml = appveyor.yml
		LICENSE = LICENSE
		README.md = README.md
		docs\taos_ch.png = docs\taos_ch.png
		docs\taos_ch_600.png = docs\taos_ch_600.png
	EndProjectSection
EndProject
Project("{9A19103F-16F7-4668-BE54-9A1E7A4F7556}") = "Example", "src\Example\Example.csproj", "{D7F52FA5-1CAA-4D9F-80D8-F141D104AE64}"
EndProject
Project("{2150E333-8FDC-42A3-9474-1A3956D46DE8}") = "Examples", "Examples", "{B24685BC-E919-46BE-ADE8-52AC8697A1F1}"
EndProject
Project("{9A19103F-16F7-4668-BE54-9A1E7A4F7556}") = "IoTSharp.HealthChecks.Taos", "src\IoTSharp.HealthChecks.Taos\IoTSharp.HealthChecks.Taos.csproj", "{61524D14-E365-4D00-A058-479AAE4D2B49}"
EndProject
Project("{E53339B2-1760-4266-BCC7-CA923CBCF16C}") = "docker-compose", "docker-compose.dcproj", "{1F3895A2-ED79-499F-A6A1-3F88A3D8D7F7}"
EndProject
Project("{9A19103F-16F7-4668-BE54-9A1E7A4F7556}") = "EntityFrameworkCore.Taos.Tests", "src\EntityFrameworkCore.Taos.Tests\EntityFrameworkCore.Taos.Tests.csproj", "{7F5F12D6-CA82-4499-AF3E-6CA7E61579CB}"
EndProject
Project("{9A19103F-16F7-4668-BE54-9A1E7A4F7556}") = "TaosOrm", "TaosOrm\TaosOrm.csproj", "{7F9F4104-3AFF-4D1E-8AD4-154957159ADC}"
EndProject
Global
	GlobalSection(SolutionConfigurationPlatforms) = preSolution
		Debug|Any CPU = Debug|Any CPU
		Debug|x64 = Debug|x64
		Debug|x86 = Debug|x86
		Release|Any CPU = Release|Any CPU
		Release|x64 = Release|x64
		Release|x86 = Release|x86
	EndGlobalSection
	GlobalSection(ProjectConfigurationPlatforms) = postSolution
		{EFD6587E-F538-4656-95E3-514EEA16E494}.Debug|Any CPU.ActiveCfg = Debug|Any CPU
		{EFD6587E-F538-4656-95E3-514EEA16E494}.Debug|Any CPU.Build.0 = Debug|Any CPU
		{EFD6587E-F538-4656-95E3-514EEA16E494}.Debug|x64.ActiveCfg = Debug|x64
		{EFD6587E-F538-4656-95E3-514EEA16E494}.Debug|x64.Build.0 = Debug|x64
		{EFD6587E-F538-4656-95E3-514EEA16E494}.Debug|x86.ActiveCfg = Debug|x86
		{EFD6587E-F538-4656-95E3-514EEA16E494}.Debug|x86.Build.0 = Debug|x86
		{EFD6587E-F538-4656-95E3-514EEA16E494}.Release|Any CPU.ActiveCfg = Release|Any CPU
		{EFD6587E-F538-4656-95E3-514EEA16E494}.Release|Any CPU.Build.0 = Release|Any CPU
		{EFD6587E-F538-4656-95E3-514EEA16E494}.Release|x64.ActiveCfg = Release|x64
		{EFD6587E-F538-4656-95E3-514EEA16E494}.Release|x64.Build.0 = Release|x64
		{EFD6587E-F538-4656-95E3-514EEA16E494}.Release|x86.ActiveCfg = Release|x86
		{EFD6587E-F538-4656-95E3-514EEA16E494}.Release|x86.Build.0 = Release|x86
		{9D7B7248-3ADD-4DC3-A800-18CE10FEA752}.Debug|Any CPU.ActiveCfg = Debug|Any CPU
		{9D7B7248-3ADD-4DC3-A800-18CE10FEA752}.Debug|Any CPU.Build.0 = Debug|Any CPU
		{9D7B7248-3ADD-4DC3-A800-18CE10FEA752}.Debug|x64.ActiveCfg = Debug|x64
		{9D7B7248-3ADD-4DC3-A800-18CE10FEA752}.Debug|x64.Build.0 = Debug|x64
		{9D7B7248-3ADD-4DC3-A800-18CE10FEA752}.Debug|x86.ActiveCfg = Debug|x86
		{9D7B7248-3ADD-4DC3-A800-18CE10FEA752}.Debug|x86.Build.0 = Debug|x86
		{9D7B7248-3ADD-4DC3-A800-18CE10FEA752}.Release|Any CPU.ActiveCfg = Release|Any CPU
		{9D7B7248-3ADD-4DC3-A800-18CE10FEA752}.Release|Any CPU.Build.0 = Release|Any CPU
		{9D7B7248-3ADD-4DC3-A800-18CE10FEA752}.Release|x64.ActiveCfg = Release|x64
		{9D7B7248-3ADD-4DC3-A800-18CE10FEA752}.Release|x64.Build.0 = Release|x64
		{9D7B7248-3ADD-4DC3-A800-18CE10FEA752}.Release|x86.ActiveCfg = Release|x86
		{9D7B7248-3ADD-4DC3-A800-18CE10FEA752}.Release|x86.Build.0 = Release|x86
		{D7F52FA5-1CAA-4D9F-80D8-F141D104AE64}.Debug|Any CPU.ActiveCfg = Debug|Any CPU
		{D7F52FA5-1CAA-4D9F-80D8-F141D104AE64}.Debug|Any CPU.Build.0 = Debug|Any CPU
		{D7F52FA5-1CAA-4D9F-80D8-F141D104AE64}.Debug|x64.ActiveCfg = Debug|x64
		{D7F52FA5-1CAA-4D9F-80D8-F141D104AE64}.Debug|x64.Build.0 = Debug|x64
		{D7F52FA5-1CAA-4D9F-80D8-F141D104AE64}.Debug|x86.ActiveCfg = Debug|x86
		{D7F52FA5-1CAA-4D9F-80D8-F141D104AE64}.Debug|x86.Build.0 = Debug|x86
		{D7F52FA5-1CAA-4D9F-80D8-F141D104AE64}.Release|Any CPU.ActiveCfg = Release|Any CPU
		{D7F52FA5-1CAA-4D9F-80D8-F141D104AE64}.Release|Any CPU.Build.0 = Release|Any CPU
		{D7F52FA5-1CAA-4D9F-80D8-F141D104AE64}.Release|x64.ActiveCfg = Release|x64
		{D7F52FA5-1CAA-4D9F-80D8-F141D104AE64}.Release|x64.Build.0 = Release|x64
		{D7F52FA5-1CAA-4D9F-80D8-F141D104AE64}.Release|x86.ActiveCfg = Release|x86
		{D7F52FA5-1CAA-4D9F-80D8-F141D104AE64}.Release|x86.Build.0 = Release|x86
		{61524D14-E365-4D00-A058-479AAE4D2B49}.Debug|Any CPU.ActiveCfg = Debug|Any CPU
		{61524D14-E365-4D00-A058-479AAE4D2B49}.Debug|Any CPU.Build.0 = Debug|Any CPU
		{61524D14-E365-4D00-A058-479AAE4D2B49}.Debug|x64.ActiveCfg = Debug|Any CPU
		{61524D14-E365-4D00-A058-479AAE4D2B49}.Debug|x64.Build.0 = Debug|Any CPU
		{61524D14-E365-4D00-A058-479AAE4D2B49}.Debug|x86.ActiveCfg = Debug|Any CPU
		{61524D14-E365-4D00-A058-479AAE4D2B49}.Debug|x86.Build.0 = Debug|Any CPU
		{61524D14-E365-4D00-A058-479AAE4D2B49}.Release|Any CPU.ActiveCfg = Release|Any CPU
		{61524D14-E365-4D00-A058-479AAE4D2B49}.Release|Any CPU.Build.0 = Release|Any CPU
		{61524D14-E365-4D00-A058-479AAE4D2B49}.Release|x64.ActiveCfg = Release|Any CPU
		{61524D14-E365-4D00-A058-479AAE4D2B49}.Release|x64.Build.0 = Release|Any CPU
		{61524D14-E365-4D00-A058-479AAE4D2B49}.Release|x86.ActiveCfg = Release|Any CPU
		{61524D14-E365-4D00-A058-479AAE4D2B49}.Release|x86.Build.0 = Release|Any CPU
		{1F3895A2-ED79-499F-A6A1-3F88A3D8D7F7}.Debug|Any CPU.ActiveCfg = Debug|Any CPU
		{1F3895A2-ED79-499F-A6A1-3F88A3D8D7F7}.Debug|Any CPU.Build.0 = Debug|Any CPU
		{1F3895A2-ED79-499F-A6A1-3F88A3D8D7F7}.Debug|x64.ActiveCfg = Debug|Any CPU
		{1F3895A2-ED79-499F-A6A1-3F88A3D8D7F7}.Debug|x64.Build.0 = Debug|Any CPU
		{1F3895A2-ED79-499F-A6A1-3F88A3D8D7F7}.Debug|x86.ActiveCfg = Debug|Any CPU
		{1F3895A2-ED79-499F-A6A1-3F88A3D8D7F7}.Debug|x86.Build.0 = Debug|Any CPU
		{1F3895A2-ED79-499F-A6A1-3F88A3D8D7F7}.Release|Any CPU.ActiveCfg = Release|Any CPU
		{1F3895A2-ED79-499F-A6A1-3F88A3D8D7F7}.Release|Any CPU.Build.0 = Release|Any CPU
		{1F3895A2-ED79-499F-A6A1-3F88A3D8D7F7}.Release|x64.ActiveCfg = Release|Any CPU
		{1F3895A2-ED79-499F-A6A1-3F88A3D8D7F7}.Release|x64.Build.0 = Release|Any CPU
		{1F3895A2-ED79-499F-A6A1-3F88A3D8D7F7}.Release|x86.ActiveCfg = Release|Any CPU
		{1F3895A2-ED79-499F-A6A1-3F88A3D8D7F7}.Release|x86.Build.0 = Release|Any CPU
		{7F5F12D6-CA82-4499-AF3E-6CA7E61579CB}.Debug|Any CPU.ActiveCfg = Debug|Any CPU
		{7F5F12D6-CA82-4499-AF3E-6CA7E61579CB}.Debug|Any CPU.Build.0 = Debug|Any CPU
		{7F5F12D6-CA82-4499-AF3E-6CA7E61579CB}.Debug|x64.ActiveCfg = Debug|Any CPU
		{7F5F12D6-CA82-4499-AF3E-6CA7E61579CB}.Debug|x64.Build.0 = Debug|Any CPU
		{7F5F12D6-CA82-4499-AF3E-6CA7E61579CB}.Debug|x86.ActiveCfg = Debug|Any CPU
		{7F5F12D6-CA82-4499-AF3E-6CA7E61579CB}.Debug|x86.Build.0 = Debug|Any CPU
		{7F5F12D6-CA82-4499-AF3E-6CA7E61579CB}.Release|Any CPU.ActiveCfg = Release|Any CPU
		{7F5F12D6-CA82-4499-AF3E-6CA7E61579CB}.Release|Any CPU.Build.0 = Release|Any CPU
		{7F5F12D6-CA82-4499-AF3E-6CA7E61579CB}.Release|x64.ActiveCfg = Release|Any CPU
		{7F5F12D6-CA82-4499-AF3E-6CA7E61579CB}.Release|x64.Build.0 = Release|Any CPU
		{7F5F12D6-CA82-4499-AF3E-6CA7E61579CB}.Release|x86.ActiveCfg = Release|Any CPU
		{7F5F12D6-CA82-4499-AF3E-6CA7E61579CB}.Release|x86.Build.0 = Release|Any CPU
		{7F9F4104-3AFF-4D1E-8AD4-154957159ADC}.Debug|Any CPU.ActiveCfg = Debug|Any CPU
		{7F9F4104-3AFF-4D1E-8AD4-154957159ADC}.Debug|Any CPU.Build.0 = Debug|Any CPU
		{7F9F4104-3AFF-4D1E-8AD4-154957159ADC}.Debug|x64.ActiveCfg = Debug|Any CPU
		{7F9F4104-3AFF-4D1E-8AD4-154957159ADC}.Debug|x64.Build.0 = Debug|Any CPU
		{7F9F4104-3AFF-4D1E-8AD4-154957159ADC}.Debug|x86.ActiveCfg = Debug|Any CPU
		{7F9F4104-3AFF-4D1E-8AD4-154957159ADC}.Debug|x86.Build.0 = Debug|Any CPU
		{7F9F4104-3AFF-4D1E-8AD4-154957159ADC}.Release|Any CPU.ActiveCfg = Release|Any CPU
		{7F9F4104-3AFF-4D1E-8AD4-154957159ADC}.Release|Any CPU.Build.0 = Release|Any CPU
		{7F9F4104-3AFF-4D1E-8AD4-154957159ADC}.Release|x64.ActiveCfg = Release|Any CPU
		{7F9F4104-3AFF-4D1E-8AD4-154957159ADC}.Release|x64.Build.0 = Release|Any CPU
		{7F9F4104-3AFF-4D1E-8AD4-154957159ADC}.Release|x86.ActiveCfg = Release|Any CPU
		{7F9F4104-3AFF-4D1E-8AD4-154957159ADC}.Release|x86.Build.0 = Release|Any CPU
	EndGlobalSection
	GlobalSection(SolutionProperties) = preSolution
		HideSolutionNode = FALSE
	EndGlobalSection
	GlobalSection(NestedProjects) = preSolution
		{EFD6587E-F538-4656-95E3-514EEA16E494} = {CE6B50B2-34AE-44C9-940A-4E48C3E1B3BC}
		{9D7B7248-3ADD-4DC3-A800-18CE10FEA752} = {CE6B50B2-34AE-44C9-940A-4E48C3E1B3BC}
		{D7F52FA5-1CAA-4D9F-80D8-F141D104AE64} = {B24685BC-E919-46BE-ADE8-52AC8697A1F1}
		{61524D14-E365-4D00-A058-479AAE4D2B49} = {CE6B50B2-34AE-44C9-940A-4E48C3E1B3BC}
	EndGlobalSection
	GlobalSection(ExtensibilityGlobals) = postSolution
		SolutionGuid = {285A5EB4-BCF4-40EB-B9E1-DF6DBCB5E705}
	EndGlobalSection
EndGlobal
